// !$*UTF8*$!
{
	archiveVersion = 1;
	classes = {
	};
	objectVersion = 46;
	objects = {

/* Begin PBXBuildFile section */
		CDDBF8C219E0A86E000AB82E /* ButtonEvent.m in Sources */ = {isa = PBXBuildFile; fileRef = CDDBF8B719E0A86E000AB82E /* ButtonEvent.m */; };
		CDDBF8C319E0A86E000AB82E /* GestureEvent.m in Sources */ = {isa = PBXBuildFile; fileRef = CDDBF8B919E0A86E000AB82E /* GestureEvent.m */; };
		CDDBF8C419E0A86E000AB82E /* OpenSpatialBluetooth.m in Sources */ = {isa = PBXBuildFile; fileRef = CDDBF8BB19E0A86E000AB82E /* OpenSpatialBluetooth.m */; };
		CDDBF8C519E0A86E000AB82E /* OpenSpatialDecoder.m in Sources */ = {isa = PBXBuildFile; fileRef = CDDBF8BD19E0A86E000AB82E /* OpenSpatialDecoder.m */; };
		CDDBF8C619E0A86E000AB82E /* PointerEvent.m in Sources */ = {isa = PBXBuildFile; fileRef = CDDBF8BF19E0A86E000AB82E /* PointerEvent.m */; };
		CDDBF8C719E0A86E000AB82E /* RotationEvent.m in Sources */ = {isa = PBXBuildFile; fileRef = CDDBF8C119E0A86E000AB82E /* RotationEvent.m */; };
		CDDBF8E219E0ECB5000AB82E /* TGSineWaveToneGenerator.m in Sources */ = {isa = PBXBuildFile; fileRef = CDDBF8E119E0ECB5000AB82E /* TGSineWaveToneGenerator.m */; };
		CDDBF8E519E10644000AB82E /* TherenodLauncher.m in Sources */ = {isa = PBXBuildFile; fileRef = CDDBF8E419E10644000AB82E /* TherenodLauncher.m */; };
		CDF26E2819E0824800EEA5C1 /* main.m in Sources */ = {isa = PBXBuildFile; fileRef = CDF26E2719E0824800EEA5C1 /* main.m */; };
		CDF26E2B19E0824800EEA5C1 /* AppDelegate.m in Sources */ = {isa = PBXBuildFile; fileRef = CDF26E2A19E0824800EEA5C1 /* AppDelegate.m */; };
		CDF26E2E19E0824800EEA5C1 /* ViewController.m in Sources */ = {isa = PBXBuildFile; fileRef = CDF26E2D19E0824800EEA5C1 /* ViewController.m */; };
		CDF26E3319E0824800EEA5C1 /* Images.xcassets in Resources */ = {isa = PBXBuildFile; fileRef = CDF26E3219E0824800EEA5C1 /* Images.xcassets */; };
		CDF26E3619E0824800EEA5C1 /* LaunchScreen.xib in Resources */ = {isa = PBXBuildFile; fileRef = CDF26E3419E0824800EEA5C1 /* LaunchScreen.xib */; };
		CDF26E4219E0824900EEA5C1 /* TherenodTests.m in Sources */ = {isa = PBXBuildFile; fileRef = CDF26E4119E0824900EEA5C1 /* TherenodTests.m */; };
		CDF26E5219E0898600EEA5C1 /* Main.storyboard in Resources */ = {isa = PBXBuildFile; fileRef = CDF26E4D19E0898600EEA5C1 /* Main.storyboard */; };
		CDF26E5319E0898600EEA5C1 /* MainViewController.m in Sources */ = {isa = PBXBuildFile; fileRef = CDF26E4F19E0898600EEA5C1 /* MainViewController.m */; };
		CDF26E5419E0898600EEA5C1 /* RingScanTableViewController.m in Sources */ = {isa = PBXBuildFile; fileRef = CDF26E5119E0898600EEA5C1 /* RingScanTableViewController.m */; };
/* End PBXBuildFile section */

/* Begin PBXContainerItemProxy section */
		CDF26E3C19E0824900EEA5C1 /* PBXContainerItemProxy */ = {
			isa = PBXContainerItemProxy;
			containerPortal = CDF26E1A19E0824500EEA5C1 /* Project object */;
			proxyType = 1;
			remoteGlobalIDString = CDF26E2119E0824600EEA5C1;
			remoteInfo = Therenod;
		};
/* End PBXContainerItemProxy section */

/* Begin PBXFileReference section */
		CDDBF8B619E0A86E000AB82E /* ButtonEvent.h */ = {isa = PBXFileReference; fileEncoding = 4; lastKnownFileType = sourcecode.c.h; name = ButtonEvent.h; path = "openspatial-iOS-SDK-master/Open Spatial iOS SDK/Open Spatial iOS SDK/ButtonEvent.h"; sourceTree = SOURCE_ROOT; };
		CDDBF8B719E0A86E000AB82E /* ButtonEvent.m */ = {isa = PBXFileReference; fileEncoding = 4; lastKnownFileType = sourcecode.c.objc; name = ButtonEvent.m; path = "openspatial-iOS-SDK-master/Open Spatial iOS SDK/Open Spatial iOS SDK/ButtonEvent.m"; sourceTree = SOURCE_ROOT; };
		CDDBF8B819E0A86E000AB82E /* GestureEvent.h */ = {isa = PBXFileReference; fileEncoding = 4; lastKnownFileType = sourcecode.c.h; name = GestureEvent.h; path = "openspatial-iOS-SDK-master/Open Spatial iOS SDK/Open Spatial iOS SDK/GestureEvent.h"; sourceTree = SOURCE_ROOT; };
		CDDBF8B919E0A86E000AB82E /* GestureEvent.m */ = {isa = PBXFileReference; fileEncoding = 4; lastKnownFileType = sourcecode.c.objc; name = GestureEvent.m; path = "openspatial-iOS-SDK-master/Open Spatial iOS SDK/Open Spatial iOS SDK/GestureEvent.m"; sourceTree = SOURCE_ROOT; };
		CDDBF8BA19E0A86E000AB82E /* OpenSpatialBluetooth.h */ = {isa = PBXFileReference; fileEncoding = 4; lastKnownFileType = sourcecode.c.h; name = OpenSpatialBluetooth.h; path = "openspatial-iOS-SDK-master/Open Spatial iOS SDK/Open Spatial iOS SDK/OpenSpatialBluetooth.h"; sourceTree = SOURCE_ROOT; };
		CDDBF8BB19E0A86E000AB82E /* OpenSpatialBluetooth.m */ = {isa = PBXFileReference; fileEncoding = 4; lastKnownFileType = sourcecode.c.objc; name = OpenSpatialBluetooth.m; path = "openspatial-iOS-SDK-master/Open Spatial iOS SDK/Open Spatial iOS SDK/OpenSpatialBluetooth.m"; sourceTree = SOURCE_ROOT; };
		CDDBF8BC19E0A86E000AB82E /* OpenSpatialDecoder.h */ = {isa = PBXFileReference; fileEncoding = 4; lastKnownFileType = sourcecode.c.h; name = OpenSpatialDecoder.h; path = "openspatial-iOS-SDK-master/Open Spatial iOS SDK/Open Spatial iOS SDK/OpenSpatialDecoder.h"; sourceTree = SOURCE_ROOT; };
		CDDBF8BD19E0A86E000AB82E /* OpenSpatialDecoder.m */ = {isa = PBXFileReference; fileEncoding = 4; lastKnownFileType = sourcecode.c.objc; name = OpenSpatialDecoder.m; path = "openspatial-iOS-SDK-master/Open Spatial iOS SDK/Open Spatial iOS SDK/OpenSpatialDecoder.m"; sourceTree = SOURCE_ROOT; };
		CDDBF8BE19E0A86E000AB82E /* PointerEvent.h */ = {isa = PBXFileReference; fileEncoding = 4; lastKnownFileType = sourcecode.c.h; name = PointerEvent.h; path = "openspatial-iOS-SDK-master/Open Spatial iOS SDK/Open Spatial iOS SDK/PointerEvent.h"; sourceTree = SOURCE_ROOT; };
		CDDBF8BF19E0A86E000AB82E /* PointerEvent.m */ = {isa = PBXFileReference; fileEncoding = 4; lastKnownFileType = sourcecode.c.objc; name = PointerEvent.m; path = "openspatial-iOS-SDK-master/Open Spatial iOS SDK/Open Spatial iOS SDK/PointerEvent.m"; sourceTree = SOURCE_ROOT; };
		CDDBF8C019E0A86E000AB82E /* RotationEvent.h */ = {isa = PBXFileReference; fileEncoding = 4; lastKnownFileType = sourcecode.c.h; name = RotationEvent.h; path = "openspatial-iOS-SDK-master/Open Spatial iOS SDK/Open Spatial iOS SDK/RotationEvent.h"; sourceTree = SOURCE_ROOT; };
		CDDBF8C119E0A86E000AB82E /* RotationEvent.m */ = {isa = PBXFileReference; fileEncoding = 4; lastKnownFileType = sourcecode.c.objc; name = RotationEvent.m; path = "openspatial-iOS-SDK-master/Open Spatial iOS SDK/Open Spatial iOS SDK/RotationEvent.m"; sourceTree = SOURCE_ROOT; };
		CDDBF8C819E0AA10000AB82E /* Therenod-Bridging-Header.h */ = {isa = PBXFileReference; lastKnownFileType = sourcecode.c.h; path = "Therenod-Bridging-Header.h"; sourceTree = "<group>"; };
		CDDBF8E019E0ECB4000AB82E /* TGSineWaveToneGenerator.h */ = {isa = PBXFileReference; fileEncoding = 4; lastKnownFileType = sourcecode.c.h; path = TGSineWaveToneGenerator.h; sourceTree = "<group>"; };
		CDDBF8E119E0ECB5000AB82E /* TGSineWaveToneGenerator.m */ = {isa = PBXFileReference; fileEncoding = 4; lastKnownFileType = sourcecode.c.objc; path = TGSineWaveToneGenerator.m; sourceTree = "<group>"; };
		CDDBF8E319E10644000AB82E /* TherenodLauncher.h */ = {isa = PBXFileReference; fileEncoding = 4; lastKnownFileType = sourcecode.c.h; path = TherenodLauncher.h; sourceTree = "<group>"; };
		CDDBF8E419E10644000AB82E /* TherenodLauncher.m */ = {isa = PBXFileReference; fileEncoding = 4; lastKnownFileType = sourcecode.c.objc; path = TherenodLauncher.m; sourceTree = "<group>"; };
		CDF26E2219E0824700EEA5C1 /* Therenod.app */ = {isa = PBXFileReference; explicitFileType = wrapper.application; includeInIndex = 0; path = Therenod.app; sourceTree = BUILT_PRODUCTS_DIR; };
		CDF26E2619E0824800EEA5C1 /* Info.plist */ = {isa = PBXFileReference; lastKnownFileType = text.plist.xml; path = Info.plist; sourceTree = "<group>"; };
		CDF26E2719E0824800EEA5C1 /* main.m */ = {isa = PBXFileReference; lastKnownFileType = sourcecode.c.objc; path = main.m; sourceTree = "<group>"; };
		CDF26E2919E0824800EEA5C1 /* AppDelegate.h */ = {isa = PBXFileReference; lastKnownFileType = sourcecode.c.h; path = AppDelegate.h; sourceTree = "<group>"; };
		CDF26E2A19E0824800EEA5C1 /* AppDelegate.m */ = {isa = PBXFileReference; lastKnownFileType = sourcecode.c.objc; path = AppDelegate.m; sourceTree = "<group>"; };
		CDF26E2C19E0824800EEA5C1 /* ViewController.h */ = {isa = PBXFileReference; lastKnownFileType = sourcecode.c.h; path = ViewController.h; sourceTree = "<group>"; };
		CDF26E2D19E0824800EEA5C1 /* ViewController.m */ = {isa = PBXFileReference; lastKnownFileType = sourcecode.c.objc; path = ViewController.m; sourceTree = "<group>"; };
		CDF26E3219E0824800EEA5C1 /* Images.xcassets */ = {isa = PBXFileReference; lastKnownFileType = folder.assetcatalog; path = Images.xcassets; sourceTree = "<group>"; };
		CDF26E3519E0824800EEA5C1 /* Base */ = {isa = PBXFileReference; lastKnownFileType = file.xib; name = Base; path = Base.lproj/LaunchScreen.xib; sourceTree = "<group>"; };
		CDF26E3B19E0824900EEA5C1 /* TherenodTests.xctest */ = {isa = PBXFileReference; explicitFileType = wrapper.cfbundle; includeInIndex = 0; path = TherenodTests.xctest; sourceTree = BUILT_PRODUCTS_DIR; };
		CDF26E4019E0824900EEA5C1 /* Info.plist */ = {isa = PBXFileReference; lastKnownFileType = text.plist.xml; path = Info.plist; sourceTree = "<group>"; };
		CDF26E4119E0824900EEA5C1 /* TherenodTests.m */ = {isa = PBXFileReference; lastKnownFileType = sourcecode.c.objc; path = TherenodTests.m; sourceTree = "<group>"; };
		CDF26E4D19E0898600EEA5C1 /* Main.storyboard */ = {isa = PBXFileReference; fileEncoding = 4; lastKnownFileType = file.storyboard; name = Main.storyboard; path = "openspatial-iOS-SDK-master/Example App Source/Main.storyboard"; sourceTree = SOURCE_ROOT; };
		CDF26E4E19E0898600EEA5C1 /* MainViewController.h */ = {isa = PBXFileReference; fileEncoding = 4; lastKnownFileType = sourcecode.c.h; name = MainViewController.h; path = "openspatial-iOS-SDK-master/Example App Source/MainViewController.h"; sourceTree = SOURCE_ROOT; };
		CDF26E4F19E0898600EEA5C1 /* MainViewController.m */ = {isa = PBXFileReference; fileEncoding = 4; lastKnownFileType = sourcecode.c.objc; name = MainViewController.m; path = "openspatial-iOS-SDK-master/Example App Source/MainViewController.m"; sourceTree = SOURCE_ROOT; };
		CDF26E5019E0898600EEA5C1 /* RingScanTableViewController.h */ = {isa = PBXFileReference; fileEncoding = 4; lastKnownFileType = sourcecode.c.h; name = RingScanTableViewController.h; path = "openspatial-iOS-SDK-master/Example App Source/RingScanTableViewController.h"; sourceTree = SOURCE_ROOT; };
		CDF26E5119E0898600EEA5C1 /* RingScanTableViewController.m */ = {isa = PBXFileReference; fileEncoding = 4; lastKnownFileType = sourcecode.c.objc; name = RingScanTableViewController.m; path = "openspatial-iOS-SDK-master/Example App Source/RingScanTableViewController.m"; sourceTree = SOURCE_ROOT; };
/* End PBXFileReference section */

/* Begin PBXFrameworksBuildPhase section */
		CDF26E1F19E0824600EEA5C1 /* Frameworks */ = {
			isa = PBXFrameworksBuildPhase;
			buildActionMask = 2147483647;
			files = (
			);
			runOnlyForDeploymentPostprocessing = 0;
		};
		CDF26E3819E0824900EEA5C1 /* Frameworks */ = {
			isa = PBXFrameworksBuildPhase;
			buildActionMask = 2147483647;
			files = (
			);
			runOnlyForDeploymentPostprocessing = 0;
		};
/* End PBXFrameworksBuildPhase section */

/* Begin PBXGroup section */
		CDF26E1919E0824500EEA5C1 = {
			isa = PBXGroup;
			children = (
				CDF26E2419E0824700EEA5C1 /* Therenod */,
				CDF26E3E19E0824900EEA5C1 /* TherenodTests */,
				CDF26E2319E0824700EEA5C1 /* Products */,
			);
			sourceTree = "<group>";
		};
		CDF26E2319E0824700EEA5C1 /* Products */ = {
			isa = PBXGroup;
			children = (
				CDF26E2219E0824700EEA5C1 /* Therenod.app */,
				CDF26E3B19E0824900EEA5C1 /* TherenodTests.xctest */,
			);
			name = Products;
			sourceTree = "<group>";
		};
		CDF26E2419E0824700EEA5C1 /* Therenod */ = {
			isa = PBXGroup;
			children = (
				CDDBF8B619E0A86E000AB82E /* ButtonEvent.h */,
				CDDBF8B719E0A86E000AB82E /* ButtonEvent.m */,
				CDDBF8B819E0A86E000AB82E /* GestureEvent.h */,
				CDDBF8B919E0A86E000AB82E /* GestureEvent.m */,
				CDDBF8BA19E0A86E000AB82E /* OpenSpatialBluetooth.h */,
				CDDBF8BB19E0A86E000AB82E /* OpenSpatialBluetooth.m */,
				CDDBF8BC19E0A86E000AB82E /* OpenSpatialDecoder.h */,
				CDDBF8BD19E0A86E000AB82E /* OpenSpatialDecoder.m */,
				CDDBF8BE19E0A86E000AB82E /* PointerEvent.h */,
				CDDBF8BF19E0A86E000AB82E /* PointerEvent.m */,
				CDDBF8C019E0A86E000AB82E /* RotationEvent.h */,
				CDDBF8C119E0A86E000AB82E /* RotationEvent.m */,
				CDF26E4D19E0898600EEA5C1 /* Main.storyboard */,
				CDDBF8E319E10644000AB82E /* TherenodLauncher.h */,
				CDDBF8E419E10644000AB82E /* TherenodLauncher.m */,
				CDDBF8E019E0ECB4000AB82E /* TGSineWaveToneGenerator.h */,
				CDDBF8E119E0ECB5000AB82E /* TGSineWaveToneGenerator.m */,
				CDF26E4E19E0898600EEA5C1 /* MainViewController.h */,
				CDF26E4F19E0898600EEA5C1 /* MainViewController.m */,
				CDF26E5019E0898600EEA5C1 /* RingScanTableViewController.h */,
				CDF26E5119E0898600EEA5C1 /* RingScanTableViewController.m */,
				CDF26E2919E0824800EEA5C1 /* AppDelegate.h */,
				CDF26E2A19E0824800EEA5C1 /* AppDelegate.m */,
				CDF26E2C19E0824800EEA5C1 /* ViewController.h */,
				CDF26E2D19E0824800EEA5C1 /* ViewController.m */,
				CDF26E3219E0824800EEA5C1 /* Images.xcassets */,
				CDF26E3419E0824800EEA5C1 /* LaunchScreen.xib */,
				CDF26E2519E0824800EEA5C1 /* Supporting Files */,
				CDDBF8C819E0AA10000AB82E /* Therenod-Bridging-Header.h */,
			);
			path = Therenod;
			sourceTree = "<group>";
		};
		CDF26E2519E0824800EEA5C1 /* Supporting Files */ = {
			isa = PBXGroup;
			children = (
				CDF26E2619E0824800EEA5C1 /* Info.plist */,
				CDF26E2719E0824800EEA5C1 /* main.m */,
			);
			name = "Supporting Files";
			sourceTree = "<group>";
		};
		CDF26E3E19E0824900EEA5C1 /* TherenodTests */ = {
			isa = PBXGroup;
			children = (
				CDF26E4119E0824900EEA5C1 /* TherenodTests.m */,
				CDF26E3F19E0824900EEA5C1 /* Supporting Files */,
			);
			path = TherenodTests;
			sourceTree = "<group>";
		};
		CDF26E3F19E0824900EEA5C1 /* Supporting Files */ = {
			isa = PBXGroup;
			children = (
				CDF26E4019E0824900EEA5C1 /* Info.plist */,
			);
			name = "Supporting Files";
			sourceTree = "<group>";
		};
/* End PBXGroup section */

/* Begin PBXNativeTarget section */
		CDF26E2119E0824600EEA5C1 /* Therenod */ = {
			isa = PBXNativeTarget;
			buildConfigurationList = CDF26E4519E0824900EEA5C1 /* Build configuration list for PBXNativeTarget "Therenod" */;
			buildPhases = (
				CDF26E1E19E0824600EEA5C1 /* Sources */,
				CDF26E1F19E0824600EEA5C1 /* Frameworks */,
				CDF26E2019E0824600EEA5C1 /* Resources */,
			);
			buildRules = (
			);
			dependencies = (
			);
			name = Therenod;
			productName = Therenod;
			productReference = CDF26E2219E0824700EEA5C1 /* Therenod.app */;
			productType = "com.apple.product-type.application";
		};
		CDF26E3A19E0824900EEA5C1 /* TherenodTests */ = {
			isa = PBXNativeTarget;
			buildConfigurationList = CDF26E4819E0824900EEA5C1 /* Build configuration list for PBXNativeTarget "TherenodTests" */;
			buildPhases = (
				CDF26E3719E0824900EEA5C1 /* Sources */,
				CDF26E3819E0824900EEA5C1 /* Frameworks */,
				CDF26E3919E0824900EEA5C1 /* Resources */,
			);
			buildRules = (
			);
			dependencies = (
				CDF26E3D19E0824900EEA5C1 /* PBXTargetDependency */,
			);
			name = TherenodTests;
			productName = TherenodTests;
			productReference = CDF26E3B19E0824900EEA5C1 /* TherenodTests.xctest */;
			productType = "com.apple.product-type.bundle.unit-test";
		};
/* End PBXNativeTarget section */

/* Begin PBXProject section */
		CDF26E1A19E0824500EEA5C1 /* Project object */ = {
			isa = PBXProject;
			attributes = {
				LastUpgradeCheck = 0600;
				ORGANIZATIONNAME = LeoAndRitvik;
				TargetAttributes = {
					CDF26E2119E0824600EEA5C1 = {
						CreatedOnToolsVersion = 6.0.1;
					};
					CDF26E3A19E0824900EEA5C1 = {
						CreatedOnToolsVersion = 6.0.1;
						TestTargetID = CDF26E2119E0824600EEA5C1;
					};
				};
			};
			buildConfigurationList = CDF26E1D19E0824500EEA5C1 /* Build configuration list for PBXProject "Therenod" */;
			compatibilityVersion = "Xcode 3.2";
			developmentRegion = English;
			hasScannedForEncodings = 0;
			knownRegions = (
				en,
				Base,
			);
			mainGroup = CDF26E1919E0824500EEA5C1;
			productRefGroup = CDF26E2319E0824700EEA5C1 /* Products */;
			projectDirPath = "";
			projectRoot = "";
			targets = (
				CDF26E2119E0824600EEA5C1 /* Therenod */,
				CDF26E3A19E0824900EEA5C1 /* TherenodTests */,
			);
		};
/* End PBXProject section */

/* Begin PBXResourcesBuildPhase section */
		CDF26E2019E0824600EEA5C1 /* Resources */ = {
			isa = PBXResourcesBuildPhase;
			buildActionMask = 2147483647;
			files = (
				CDF26E3619E0824800EEA5C1 /* LaunchScreen.xib in Resources */,
				CDF26E3319E0824800EEA5C1 /* Images.xcassets in Resources */,
				CDF26E5219E0898600EEA5C1 /* Main.storyboard in Resources */,
			);
			runOnlyForDeploymentPostprocessing = 0;
		};
		CDF26E3919E0824900EEA5C1 /* Resources */ = {
			isa = PBXResourcesBuildPhase;
			buildActionMask = 2147483647;
			files = (
			);
			runOnlyForDeploymentPostprocessing = 0;
		};
/* End PBXResourcesBuildPhase section */

/* Begin PBXSourcesBuildPhase section */
		CDF26E1E19E0824600EEA5C1 /* Sources */ = {
			isa = PBXSourcesBuildPhase;
			buildActionMask = 2147483647;
			files = (
				CDDBF8C219E0A86E000AB82E /* ButtonEvent.m in Sources */,
				CDF26E2E19E0824800EEA5C1 /* ViewController.m in Sources */,
				CDF26E2B19E0824800EEA5C1 /* AppDelegate.m in Sources */,
				CDDBF8C519E0A86E000AB82E /* OpenSpatialDecoder.m in Sources */,
				CDF26E2819E0824800EEA5C1 /* main.m in Sources */,
				CDDBF8E219E0ECB5000AB82E /* TGSineWaveToneGenerator.m in Sources */,
				CDDBF8E519E10644000AB82E /* TherenodLauncher.m in Sources */,
				CDF26E5419E0898600EEA5C1 /* RingScanTableViewController.m in Sources */,
				CDDBF8C719E0A86E000AB82E /* RotationEvent.m in Sources */,
				CDDBF8C319E0A86E000AB82E /* GestureEvent.m in Sources */,
				CDF26E5319E0898600EEA5C1 /* MainViewController.m in Sources */,
				CDDBF8C619E0A86E000AB82E /* PointerEvent.m in Sources */,
				CDDBF8C419E0A86E000AB82E /* OpenSpatialBluetooth.m in Sources */,
			);
			runOnlyForDeploymentPostprocessing = 0;
		};
		CDF26E3719E0824900EEA5C1 /* Sources */ = {
			isa = PBXSourcesBuildPhase;
			buildActionMask = 2147483647;
			files = (
				CDF26E4219E0824900EEA5C1 /* TherenodTests.m in Sources */,
			);
			runOnlyForDeploymentPostprocessing = 0;
		};
/* End PBXSourcesBuildPhase section */

/* Begin PBXTargetDependency section */
		CDF26E3D19E0824900EEA5C1 /* PBXTargetDependency */ = {
			isa = PBXTargetDependency;
			target = CDF26E2119E0824600EEA5C1 /* Therenod */;
			targetProxy = CDF26E3C19E0824900EEA5C1 /* PBXContainerItemProxy */;
		};
/* End PBXTargetDependency section */

/* Begin PBXVariantGroup section */
		CDF26E3419E0824800EEA5C1 /* LaunchScreen.xib */ = {
			isa = PBXVariantGroup;
			children = (
				CDF26E3519E0824800EEA5C1 /* Base */,
			);
			name = LaunchScreen.xib;
			sourceTree = "<group>";
		};
/* End PBXVariantGroup section */

/* Begin XCBuildConfiguration section */
		CDF26E4319E0824900EEA5C1 /* Debug */ = {
			isa = XCBuildConfiguration;
			buildSettings = {
				ALWAYS_SEARCH_USER_PATHS = NO;
				CLANG_CXX_LANGUAGE_STANDARD = "gnu++0x";
				CLANG_CXX_LIBRARY = "libc++";
				CLANG_ENABLE_MODULES = YES;
				CLANG_ENABLE_OBJC_ARC = YES;
				CLANG_WARN_BOOL_CONVERSION = YES;
				CLANG_WARN_CONSTANT_CONVERSION = YES;
				CLANG_WARN_DIRECT_OBJC_ISA_USAGE = YES_ERROR;
				CLANG_WARN_EMPTY_BODY = YES;
				CLANG_WARN_ENUM_CONVERSION = YES;
				CLANG_WARN_INT_CONVERSION = YES;
				CLANG_WARN_OBJC_ROOT_CLASS = YES_ERROR;
				CLANG_WARN_UNREACHABLE_CODE = YES;
				CLANG_WARN__DUPLICATE_METHOD_MATCH = YES;
				"CODE_SIGN_IDENTITY[sdk=iphoneos*]" = "iPhone Developer";
				COPY_PHASE_STRIP = NO;
				ENABLE_STRICT_OBJC_MSGSEND = YES;
				GCC_C_LANGUAGE_STANDARD = gnu99;
				GCC_DYNAMIC_NO_PIC = NO;
				GCC_OPTIMIZATION_LEVEL = 0;
				GCC_PREPROCESSOR_DEFINITIONS = (
					"DEBUG=1",
					"$(inherited)",
				);
				GCC_SYMBOLS_PRIVATE_EXTERN = NO;
				GCC_WARN_64_TO_32_BIT_CONVERSION = YES;
				GCC_WARN_ABOUT_RETURN_TYPE = YES_ERROR;
				GCC_WARN_UNDECLARED_SELECTOR = YES;
				GCC_WARN_UNINITIALIZED_AUTOS = YES_AGGRESSIVE;
				GCC_WARN_UNUSED_FUNCTION = YES;
				GCC_WARN_UNUSED_VARIABLE = YES;
				IPHONEOS_DEPLOYMENT_TARGET = 8.0;
				MTL_ENABLE_DEBUG_INFO = YES;
				ONLY_ACTIVE_ARCH = YES;
				SDKROOT = iphoneos;
				TARGETED_DEVICE_FAMILY = "1,2";
			};
			name = Debug;
		};
		CDF26E4419E0824900EEA5C1 /* Release */ = {
			isa = XCBuildConfiguration;
			buildSettings = {
				ALWAYS_SEARCH_USER_PATHS = NO;
				CLANG_CXX_LANGUAGE_STANDARD = "gnu++0x";
				CLANG_CXX_LIBRARY = "libc++";
				CLANG_ENABLE_MODULES = YES;
				CLANG_ENABLE_OBJC_ARC = YES;
				CLANG_WARN_BOOL_CONVERSION = YES;
				CLANG_WARN_CONSTANT_CONVERSION = YES;
				CLANG_WARN_DIRECT_OBJC_ISA_USAGE = YES_ERROR;
				CLANG_WARN_EMPTY_BODY = YES;
				CLANG_WARN_ENUM_CONVERSION = YES;
				CLANG_WARN_INT_CONVERSION = YES;
				CLANG_WARN_OBJC_ROOT_CLASS = YES_ERROR;
				CLANG_WARN_UNREACHABLE_CODE = YES;
				CLANG_WARN__DUPLICATE_METHOD_MATCH = YES;
				"CODE_SIGN_IDENTITY[sdk=iphoneos*]" = "iPhone Developer";
				COPY_PHASE_STRIP = YES;
				ENABLE_NS_ASSERTIONS = NO;
				ENABLE_STRICT_OBJC_MSGSEND = YES;
				GCC_C_LANGUAGE_STANDARD = gnu99;
				GCC_WARN_64_TO_32_BIT_CONVERSION = YES;
				GCC_WARN_ABOUT_RETURN_TYPE = YES_ERROR;
				GCC_WARN_UNDECLARED_SELECTOR = YES;
				GCC_WARN_UNINITIALIZED_AUTOS = YES_AGGRESSIVE;
				GCC_WARN_UNUSED_FUNCTION = YES;
				GCC_WARN_UNUSED_VARIABLE = YES;
				IPHONEOS_DEPLOYMENT_TARGET = 8.0;
				MTL_ENABLE_DEBUG_INFO = NO;
				SDKROOT = iphoneos;
				TARGETED_DEVICE_FAMILY = "1,2";
				VALIDATE_PRODUCT = YES;
			};
			name = Release;
		};
		CDF26E4619E0824900EEA5C1 /* Debug */ = {
			isa = XCBuildConfiguration;
			buildSettings = {
				ASSETCATALOG_COMPILER_APPICON_NAME = AppIcon;
				CLANG_ENABLE_MODULES = YES;
				FRAMEWORK_SEARCH_PATHS = (
					"$(inherited)",
					"$(PROJECT_DIR)/openspatial-iOS-SDK-master/release",
				);
				INFOPLIST_FILE = Therenod/Info.plist;
				LD_RUNPATH_SEARCH_PATHS = "$(inherited) @executable_path/Frameworks";
				PRODUCT_NAME = "$(TARGET_NAME)";
				SWIFT_OBJC_BRIDGING_HEADER = "Therenod/Therenod-Bridging-Header.h";
				SWIFT_OPTIMIZATION_LEVEL = "-Onone";
			};
			name = Debug;
		};
		CDF26E4719E0824900EEA5C1 /* Release */ = {
			isa = XCBuildConfiguration;
			buildSettings = {
				ASSETCATALOG_COMPILER_APPICON_NAME = AppIcon;
				CLANG_ENABLE_MODULES = YES;
				FRAMEWORK_SEARCH_PATHS = (
					"$(inherited)",
					"$(PROJECT_DIR)/openspatial-iOS-SDK-master/release",
				);
				INFOPLIST_FILE = Therenod/Info.plist;
				LD_RUNPATH_SEARCH_PATHS = "$(inherited) @executable_path/Frameworks";
				PRODUCT_NAME = "$(TARGET_NAME)";
				SWIFT_OBJC_BRIDGING_HEADER = "Therenod/Therenod-Bridging-Header.h";
			};
			name = Release;
		};
		CDF26E4919E0824900EEA5C1 /* Debug */ = {
			isa = XCBuildConfiguration;
			buildSettings = {
				BUNDLE_LOADER = "$(TEST_HOST)";
				FRAMEWORK_SEARCH_PATHS = (
					"$(SDKROOT)/Developer/Library/Frameworks",
					"$(inherited)",
				);
				GCC_PREPROCESSOR_DEFINITIONS = (
					"DEBUG=1",
					"$(inherited)",
				);
				INFOPLIST_FILE = TherenodTests/Info.plist;
				LD_RUNPATH_SEARCH_PATHS = "$(inherited) @executable_path/Frameworks @loader_path/Frameworks";
				PRODUCT_NAME = "$(TARGET_NAME)";
				TEST_HOST = "$(BUILT_PRODUCTS_DIR)/Therenod.app/Therenod";
			};
			name = Debug;
		};
		CDF26E4A19E0824900EEA5C1 /* Release */ = {
			isa = XCBuildConfiguration;
			buildSettings = {
				BUNDLE_LOADER = "$(TEST_HOST)";
				FRAMEWORK_SEARCH_PATHS = (
					"$(SDKROOT)/Developer/Library/Frameworks",
					"$(inherited)",
				);
				INFOPLIST_FILE = TherenodTests/Info.plist;
				LD_RUNPATH_SEARCH_PATHS = "$(inherited) @executable_path/Frameworks @loader_path/Frameworks";
				PRODUCT_NAME = "$(TARGET_NAME)";
				TEST_HOST = "$(BUILT_PRODUCTS_DIR)/Therenod.app/Therenod";
			};
			name = Release;
		};
/* End XCBuildConfiguration section */

/* Begin XCConfigurationList section */
		CDF26E1D19E0824500EEA5C1 /* Build configuration list for PBXProject "Therenod" */ = {
			isa = XCConfigurationList;
			buildConfigurations = (
				CDF26E4319E0824900EEA5C1 /* Debug */,
				CDF26E4419E0824900EEA5C1 /* Release */,
			);
			defaultConfigurationIsVisible = 0;
			defaultConfigurationName = Release;
		};
		CDF26E4519E0824900EEA5C1 /* Build configuration list for PBXNativeTarget "Therenod" */ = {
			isa = XCConfigurationList;
			buildConfigurations = (
				CDF26E4619E0824900EEA5C1 /* Debug */,
				CDF26E4719E0824900EEA5C1 /* Release */,
			);
			defaultConfigurationIsVisible = 0;
			defaultConfigurationName = Release;
		};
		CDF26E4819E0824900EEA5C1 /* Build configuration list for PBXNativeTarget "TherenodTests" */ = {
			isa = XCConfigurationList;
			buildConfigurations = (
				CDF26E4919E0824900EEA5C1 /* Debug */,
				CDF26E4A19E0824900EEA5C1 /* Release */,
			);
			defaultConfigurationIsVisible = 0;
			defaultConfigurationName = Release;
		};
/* End XCConfigurationList section */
	};
	rootObject = CDF26E1A19E0824500EEA5C1 /* Project object */;
}
